
Microsoft Visual Studio Solution File, Format Version 12.00
# Visual Studio Express 2013 for Windows Desktop
VisualStudioVersion = 12.0.21005.1
MinimumVisualStudioVersion = 10.0.40219.1
Project("{F184B08F-C81C-45F6-A57F-5ABD9991F28F}") = "Bloxy", "Bloxy\Bloxy\Bloxy.vbproj", "{4D27F155-118A-4938-9CFD-B67B284BA83D}"
EndProject
Project("{FAE04EC0-301F-11D3-BF4B-00C04F79EFBC}") = "BloxyContent", "Bloxy\BloxyContent\BloxyContent.contentproj", "{840F2206-1B4C-4650-8DFD-690E947DA864}"
EndProject
Project("{F184B08F-C81C-45F6-A57F-5ABD9991F28F}") = "JsonBlueprints", "JsonBlueprints\JsonBlueprints.vbproj", "{5DA44900-9115-4E6F-921B-8F5B45D7C27E}"
EndProject
Project("{F184B08F-C81C-45F6-A57F-5ABD9991F28F}") = "LevelEditor", "LevelEditor\LevelEditor.vbproj", "{2C8A9AF0-C739-435B-AFDB-DC60719B5BF2}"
EndProject
Global
	GlobalSection(SolutionConfigurationPlatforms) = preSolution
		Debug|Any CPU = Debug|Any CPU
		Debug|Mixed Platforms = Debug|Mixed Platforms
		Debug|x86 = Debug|x86
		Release|Any CPU = Release|Any CPU
		Release|Mixed Platforms = Release|Mixed Platforms
		Release|x86 = Release|x86
	EndGlobalSection
	GlobalSection(ProjectConfigurationPlatforms) = postSolution
		{4D27F155-118A-4938-9CFD-B67B284BA83D}.Debug|Any CPU.ActiveCfg = Debug|x86
		{4D27F155-118A-4938-9CFD-B67B284BA83D}.Debug|Mixed Platforms.ActiveCfg = Debug|x86
		{4D27F155-118A-4938-9CFD-B67B284BA83D}.Debug|Mixed Platforms.Build.0 = Debug|x86
		{4D27F155-118A-4938-9CFD-B67B284BA83D}.Debug|x86.ActiveCfg = Debug|x86
		{4D27F155-118A-4938-9CFD-B67B284BA83D}.Debug|x86.Build.0 = Debug|x86
		{4D27F155-118A-4938-9CFD-B67B284BA83D}.Release|Any CPU.ActiveCfg = Release|x86
		{4D27F155-118A-4938-9CFD-B67B284BA83D}.Release|Mixed Platforms.ActiveCfg = Release|x86
		{4D27F155-118A-4938-9CFD-B67B284BA83D}.Release|Mixed Platforms.Build.0 = Release|x86
		{4D27F155-118A-4938-9CFD-B67B284BA83D}.Release|x86.ActiveCfg = Release|x86
		{4D27F155-118A-4938-9CFD-B67B284BA83D}.Release|x86.Build.0 = Release|x86
		{840F2206-1B4C-4650-8DFD-690E947DA864}.Debug|Any CPU.ActiveCfg = Debug|x86
		{840F2206-1B4C-4650-8DFD-690E947DA864}.Debug|Mixed Platforms.ActiveCfg = Debug|x86
		{840F2206-1B4C-4650-8DFD-690E947DA864}.Debug|x86.ActiveCfg = Debug|x86
		{840F2206-1B4C-4650-8DFD-690E947DA864}.Release|Any CPU.ActiveCfg = Release|x86
		{840F2206-1B4C-4650-8DFD-690E947DA864}.Release|Mixed Platforms.ActiveCfg = Release|x86
		{840F2206-1B4C-4650-8DFD-690E947DA864}.Release|x86.ActiveCfg = Release|x86
		{5DA44900-9115-4E6F-921B-8F5B45D7C27E}.Debug|Any CPU.ActiveCfg = Debug|Any CPU
		{5DA44900-9115-4E6F-921B-8F5B45D7C27E}.Debug|Any CPU.Build.0 = Debug|Any CPU
		{5DA44900-9115-4E6F-921B-8F5B45D7C27E}.Debug|Mixed Platforms.ActiveCfg = Debug|Any CPU
		{5DA44900-9115-4E6F-921B-8F5B45D7C27E}.Debug|Mixed Platforms.Build.0 = Debug|Any CPU
		{5DA44900-9115-4E6F-921B-8F5B45D7C27E}.Debug|x86.ActiveCfg = Debug|Any CPU
		{5DA44900-9115-4E6F-921B-8F5B45D7C27E}.Release|Any CPU.ActiveCfg = Release|Any CPU
		{5DA44900-9115-4E6F-921B-8F5B45D7C27E}.Release|Any CPU.Build.0 = Release|Any CPU
		{5DA44900-9115-4E6F-921B-8F5B45D7C27E}.Release|Mixed Platforms.ActiveCfg = Release|Any CPU
		{5DA44900-9115-4E6F-921B-8F5B45D7C27E}.Release|Mixed Platforms.Build.0 = Release|Any CPU
		{5DA44900-9115-4E6F-921B-8F5B45D7C27E}.Release|x86.ActiveCfg = Release|Any CPU
		{2C8A9AF0-C739-435B-AFDB-DC60719B5BF2}.Debug|Any CPU.ActiveCfg = Debug|Any CPU
		{2C8A9AF0-C739-435B-AFDB-DC60719B5BF2}.Debug|Any CPU.Build.0 = Debug|Any CPU
		{2C8A9AF0-C739-435B-AFDB-DC60719B5BF2}.Debug|Mixed Platforms.ActiveCfg = Debug|Any CPU
		{2C8A9AF0-C739-435B-AFDB-DC60719B5BF2}.Debug|Mixed Platforms.Build.0 = Debug|Any CPU
		{2C8A9AF0-C739-435B-AFDB-DC60719B5BF2}.Debug|x86.ActiveCfg = Debug|Any CPU
		{2C8A9AF0-C739-435B-AFDB-DC60719B5BF2}.Release|Any CPU.ActiveCfg = Release|Any CPU
		{2C8A9AF0-C739-435B-AFDB-DC60719B5BF2}.Release|Any CPU.Build.0 = Release|Any CPU
		{2C8A9AF0-C739-435B-AFDB-DC60719B5BF2}.Release|Mixed Platforms.ActiveCfg = Release|Any CPU
		{2C8A9AF0-C739-435B-AFDB-DC60719B5BF2}.Release|Mixed Platforms.Build.0 = Release|Any CPU
		{2C8A9AF0-C739-435B-AFDB-DC60719B5BF2}.Release|x86.ActiveCfg = Release|Any CPU
	EndGlobalSection
	GlobalSection(SolutionProperties) = preSolution
		HideSolutionNode = FALSE
	EndGlobalSection
EndGlobal
